
Microsoft Visual Studio Solution File, Format Version 12.00
# Visual Studio Version 16
VisualStudioVersion = 16.0.32002.261
MinimumVisualStudioVersion = 10.0.40219.1
Project("{FAE04EC0-301F-11D3-BF4B-00C04F79EFBC}") = "InteraktifKredi", "InteraktifKredi\InteraktifKredi.csproj", "{CE58D894-7BAD-4914-8638-CD1D2E54448E}"
EndProject
Global
	GlobalSection(SolutionConfigurationPlatforms) = preSolution
		Debug|Any CPU = Debug|Any CPU
		Release|Any CPU = Release|Any CPU
	EndGlobalSection
	GlobalSection(ProjectConfigurationPlatforms) = postSolution
		{CE58D894-7BAD-4914-8638-CD1D2E54448E}.Debug|Any CPU.ActiveCfg = Debug|Any CPU
		{CE58D894-7BAD-4914-8638-CD1D2E54448E}.Debug|Any CPU.Build.0 = Debug|Any CPU
		{CE58D894-7BAD-4914-8638-CD1D2E54448E}.Release|Any CPU.ActiveCfg = Release|Any CPU
		{CE58D894-7BAD-4914-8638-CD1D2E54448E}.Release|Any CPU.Build.0 = Release|Any CPU
	EndGlobalSection
	GlobalSection(SolutionProperties) = preSolution
		HideSolutionNode = FALSE
	EndGlobalSection
	GlobalSection(ExtensibilityGlobals) = postSolution
		SolutionGuid = {576C06B8-3C09-4FBC-8D84-187DC910B35A}
	EndGlobalSection
EndGlobal
